// !$*UTF8*$!
{
	archiveVersion = 1;
	classes = {
	};
	objectVersion = 46;
	objects = {

/* Begin PBXBuildFile section */
		8429B85A1A1A7157007FDF29 /* main.m in Sources */ = {isa = PBXBuildFile; fileRef = 8429B8591A1A7157007FDF29 /* main.m */; };
		8429B85D1A1A7157007FDF29 /* AppDelegate.m in Sources */ = {isa = PBXBuildFile; fileRef = 8429B85C1A1A7157007FDF29 /* AppDelegate.m */; };
		8429B8601A1A7157007FDF29 /* FirstViewController.m in Sources */ = {isa = PBXBuildFile; fileRef = 8429B85F1A1A7157007FDF29 /* FirstViewController.m */; };
		8429B8631A1A7157007FDF29 /* SecondViewController.m in Sources */ = {isa = PBXBuildFile; fileRef = 8429B8621A1A7157007FDF29 /* SecondViewController.m */; };
		8429B8661A1A7157007FDF29 /* Main.storyboard in Resources */ = {isa = PBXBuildFile; fileRef = 8429B8641A1A7157007FDF29 /* Main.storyboard */; };
		8429B8681A1A7157007FDF29 /* Images.xcassets in Resources */ = {isa = PBXBuildFile; fileRef = 8429B8671A1A7157007FDF29 /* Images.xcassets */; };
		8429B86B1A1A7157007FDF29 /* LaunchScreen.xib in Resources */ = {isa = PBXBuildFile; fileRef = 8429B8691A1A7157007FDF29 /* LaunchScreen.xib */; };
		8429B8771A1A7157007FDF29 /* situmTests.m in Sources */ = {isa = PBXBuildFile; fileRef = 8429B8761A1A7157007FDF29 /* situmTests.m */; };
/* End PBXBuildFile section */

/* Begin PBXContainerItemProxy section */
		8429B8711A1A7157007FDF29 /* PBXContainerItemProxy */ = {
			isa = PBXContainerItemProxy;
			containerPortal = 8429B84C1A1A7157007FDF29 /* Project object */;
			proxyType = 1;
			remoteGlobalIDString = 8429B8531A1A7157007FDF29;
			remoteInfo = situm;
		};
/* End PBXContainerItemProxy section */

/* Begin PBXFileReference section */
		8429B8541A1A7157007FDF29 /* situm.app */ = {isa = PBXFileReference; explicitFileType = wrapper.application; includeInIndex = 0; path = situm.app; sourceTree = BUILT_PRODUCTS_DIR; };
		8429B8581A1A7157007FDF29 /* Info.plist */ = {isa = PBXFileReference; lastKnownFileType = text.plist.xml; path = Info.plist; sourceTree = "<group>"; };
		8429B8591A1A7157007FDF29 /* main.m */ = {isa = PBXFileReference; lastKnownFileType = sourcecode.c.objc; path = main.m; sourceTree = "<group>"; };
		8429B85B1A1A7157007FDF29 /* AppDelegate.h */ = {isa = PBXFileReference; lastKnownFileType = sourcecode.c.h; path = AppDelegate.h; sourceTree = "<group>"; };
		8429B85C1A1A7157007FDF29 /* AppDelegate.m */ = {isa = PBXFileReference; lastKnownFileType = sourcecode.c.objc; path = AppDelegate.m; sourceTree = "<group>"; };
		8429B85E1A1A7157007FDF29 /* FirstViewController.h */ = {isa = PBXFileReference; lastKnownFileType = sourcecode.c.h; path = FirstViewController.h; sourceTree = "<group>"; };
		8429B85F1A1A7157007FDF29 /* FirstViewController.m */ = {isa = PBXFileReference; lastKnownFileType = sourcecode.c.objc; path = FirstViewController.m; sourceTree = "<group>"; };
		8429B8611A1A7157007FDF29 /* SecondViewController.h */ = {isa = PBXFileReference; lastKnownFileType = sourcecode.c.h; path = SecondViewController.h; sourceTree = "<group>"; };
		8429B8621A1A7157007FDF29 /* SecondViewController.m */ = {isa = PBXFileReference; lastKnownFileType = sourcecode.c.objc; path = SecondViewController.m; sourceTree = "<group>"; };
		8429B8651A1A7157007FDF29 /* Base */ = {isa = PBXFileReference; lastKnownFileType = file.storyboard; name = Base; path = Base.lproj/Main.storyboard; sourceTree = "<group>"; };
		8429B8671A1A7157007FDF29 /* Images.xcassets */ = {isa = PBXFileReference; lastKnownFileType = folder.assetcatalog; path = Images.xcassets; sourceTree = "<group>"; };
		8429B86A1A1A7157007FDF29 /* Base */ = {isa = PBXFileReference; lastKnownFileType = file.xib; name = Base; path = Base.lproj/LaunchScreen.xib; sourceTree = "<group>"; };
		8429B8701A1A7157007FDF29 /* situmTests.xctest */ = {isa = PBXFileReference; explicitFileType = wrapper.cfbundle; includeInIndex = 0; path = situmTests.xctest; sourceTree = BUILT_PRODUCTS_DIR; };
		8429B8751A1A7157007FDF29 /* Info.plist */ = {isa = PBXFileReference; lastKnownFileType = text.plist.xml; path = Info.plist; sourceTree = "<group>"; };
		8429B8761A1A7157007FDF29 /* situmTests.m */ = {isa = PBXFileReference; lastKnownFileType = sourcecode.c.objc; path = situmTests.m; sourceTree = "<group>"; };
/* End PBXFileReference section */

/* Begin PBXFrameworksBuildPhase section */
		8429B8511A1A7157007FDF29 /* Frameworks */ = {
			isa = PBXFrameworksBuildPhase;
			buildActionMask = 2147483647;
			files = (
			);
			runOnlyForDeploymentPostprocessing = 0;
		};
		8429B86D1A1A7157007FDF29 /* Frameworks */ = {
			isa = PBXFrameworksBuildPhase;
			buildActionMask = 2147483647;
			files = (
			);
			runOnlyForDeploymentPostprocessing = 0;
		};
/* End PBXFrameworksBuildPhase section */

/* Begin PBXGroup section */
		8429B84B1A1A7157007FDF29 = {
			isa = PBXGroup;
			children = (
				8429B8561A1A7157007FDF29 /* situm */,
				8429B8731A1A7157007FDF29 /* situmTests */,
				8429B8551A1A7157007FDF29 /* Products */,
			);
			sourceTree = "<group>";
		};
		8429B8551A1A7157007FDF29 /* Products */ = {
			isa = PBXGroup;
			children = (
				8429B8541A1A7157007FDF29 /* situm.app */,
				8429B8701A1A7157007FDF29 /* situmTests.xctest */,
			);
			name = Products;
			sourceTree = "<group>";
		};
		8429B8561A1A7157007FDF29 /* situm */ = {
			isa = PBXGroup;
			children = (
				8429B85B1A1A7157007FDF29 /* AppDelegate.h */,
				8429B85C1A1A7157007FDF29 /* AppDelegate.m */,
				8429B85E1A1A7157007FDF29 /* FirstViewController.h */,
				8429B85F1A1A7157007FDF29 /* FirstViewController.m */,
				8429B8611A1A7157007FDF29 /* SecondViewController.h */,
				8429B8621A1A7157007FDF29 /* SecondViewController.m */,
				8429B8641A1A7157007FDF29 /* Main.storyboard */,
				8429B8671A1A7157007FDF29 /* Images.xcassets */,
				8429B8691A1A7157007FDF29 /* LaunchScreen.xib */,
				8429B8571A1A7157007FDF29 /* Supporting Files */,
			);
			path = situm;
			sourceTree = "<group>";
		};
		8429B8571A1A7157007FDF29 /* Supporting Files */ = {
			isa = PBXGroup;
			children = (
				8429B8581A1A7157007FDF29 /* Info.plist */,
				8429B8591A1A7157007FDF29 /* main.m */,
			);
			name = "Supporting Files";
			sourceTree = "<group>";
		};
		8429B8731A1A7157007FDF29 /* situmTests */ = {
			isa = PBXGroup;
			children = (
				8429B8761A1A7157007FDF29 /* situmTests.m */,
				8429B8741A1A7157007FDF29 /* Supporting Files */,
			);
			path = situmTests;
			sourceTree = "<group>";
		};
		8429B8741A1A7157007FDF29 /* Supporting Files */ = {
			isa = PBXGroup;
			children = (
				8429B8751A1A7157007FDF29 /* Info.plist */,
			);
			name = "Supporting Files";
			sourceTree = "<group>";
		};
/* End PBXGroup section */

/* Begin PBXNativeTarget section */
		8429B8531A1A7157007FDF29 /* situm */ = {
			isa = PBXNativeTarget;
			buildConfigurationList = 8429B87A1A1A7157007FDF29 /* Build configuration list for PBXNativeTarget "situm" */;
			buildPhases = (
				8429B8501A1A7157007FDF29 /* Sources */,
				8429B8511A1A7157007FDF29 /* Frameworks */,
				8429B8521A1A7157007FDF29 /* Resources */,
			);
			buildRules = (
			);
			dependencies = (
			);
			name = situm;
			productName = situm;
			productReference = 8429B8541A1A7157007FDF29 /* situm.app */;
			productType = "com.apple.product-type.application";
		};
		8429B86F1A1A7157007FDF29 /* situmTests */ = {
			isa = PBXNativeTarget;
			buildConfigurationList = 8429B87D1A1A7157007FDF29 /* Build configuration list for PBXNativeTarget "situmTests" */;
			buildPhases = (
				8429B86C1A1A7157007FDF29 /* Sources */,
				8429B86D1A1A7157007FDF29 /* Frameworks */,
				8429B86E1A1A7157007FDF29 /* Resources */,
			);
			buildRules = (
			);
			dependencies = (
				8429B8721A1A7157007FDF29 /* PBXTargetDependency */,
			);
			name = situmTests;
			productName = situmTests;
			productReference = 8429B8701A1A7157007FDF29 /* situmTests.xctest */;
			productType = "com.apple.product-type.bundle.unit-test";
		};
/* End PBXNativeTarget section */

/* Begin PBXProject section */
		8429B84C1A1A7157007FDF29 /* Project object */ = {
			isa = PBXProject;
			attributes = {
				LastUpgradeCheck = 0610;
				ORGANIZATIONNAME = Ustas;
				TargetAttributes = {
					8429B8531A1A7157007FDF29 = {
						CreatedOnToolsVersion = 6.1;
					};
					8429B86F1A1A7157007FDF29 = {
						CreatedOnToolsVersion = 6.1;
						TestTargetID = 8429B8531A1A7157007FDF29;
					};
				};
			};
			buildConfigurationList = 8429B84F1A1A7157007FDF29 /* Build configuration list for PBXProject "situm" */;
			compatibilityVersion = "Xcode 3.2";
			developmentRegion = English;
			hasScannedForEncodings = 0;
			knownRegions = (
				en,
				Base,
			);
			mainGroup = 8429B84B1A1A7157007FDF29;
			productRefGroup = 8429B8551A1A7157007FDF29 /* Products */;
			projectDirPath = "";
			projectRoot = "";
			targets = (
				8429B8531A1A7157007FDF29 /* situm */,
				8429B86F1A1A7157007FDF29 /* situmTests */,
			);
		};
/* End PBXProject section */

/* Begin PBXResourcesBuildPhase section */
		8429B8521A1A7157007FDF29 /* Resources */ = {
			isa = PBXResourcesBuildPhase;
			buildActionMask = 2147483647;
			files = (
				8429B8661A1A7157007FDF29 /* Main.storyboard in Resources */,
				8429B86B1A1A7157007FDF29 /* LaunchScreen.xib in Resources */,
				8429B8681A1A7157007FDF29 /* Images.xcassets in Resources */,
			);
			runOnlyForDeploymentPostprocessing = 0;
		};
		8429B86E1A1A7157007FDF29 /* Resources */ = {
			isa = PBXResourcesBuildPhase;
			buildActionMask = 2147483647;
			files = (
			);
			runOnlyForDeploymentPostprocessing = 0;
		};
/* End PBXResourcesBuildPhase section */

/* Begin PBXSourcesBuildPhase section */
		8429B8501A1A7157007FDF29 /* Sources */ = {
			isa = PBXSourcesBuildPhase;
			buildActionMask = 2147483647;
			files = (
				8429B8631A1A7157007FDF29 /* SecondViewController.m in Sources */,
				8429B85D1A1A7157007FDF29 /* AppDelegate.m in Sources */,
				8429B8601A1A7157007FDF29 /* FirstViewController.m in Sources */,
				8429B85A1A1A7157007FDF29 /* main.m in Sources */,
			);
			runOnlyForDeploymentPostprocessing = 0;
		};
		8429B86C1A1A7157007FDF29 /* Sources */ = {
			isa = PBXSourcesBuildPhase;
			buildActionMask = 2147483647;
			files = (
				8429B8771A1A7157007FDF29 /* situmTests.m in Sources */,
			);
			runOnlyForDeploymentPostprocessing = 0;
		};
/* End PBXSourcesBuildPhase section */

/* Begin PBXTargetDependency section */
		8429B8721A1A7157007FDF29 /* PBXTargetDependency */ = {
			isa = PBXTargetDependency;
			target = 8429B8531A1A7157007FDF29 /* situm */;
			targetProxy = 8429B8711A1A7157007FDF29 /* PBXContainerItemProxy */;
		};
/* End PBXTargetDependency section */

/* Begin PBXVariantGroup section */
		8429B8641A1A7157007FDF29 /* Main.storyboard */ = {
			isa = PBXVariantGroup;
			children = (
				8429B8651A1A7157007FDF29 /* Base */,
			);
			name = Main.storyboard;
			sourceTree = "<group>";
		};
		8429B8691A1A7157007FDF29 /* LaunchScreen.xib */ = {
			isa = PBXVariantGroup;
			children = (
				8429B86A1A1A7157007FDF29 /* Base */,
			);
			name = LaunchScreen.xib;
			sourceTree = "<group>";
		};
/* End PBXVariantGroup section */

/* Begin XCBuildConfiguration section */
		8429B8781A1A7157007FDF29 /* Debug */ = {
			isa = XCBuildConfiguration;
			buildSettings = {
				ALWAYS_SEARCH_USER_PATHS = NO;
				CLANG_CXX_LANGUAGE_STANDARD = "gnu++0x";
				CLANG_CXX_LIBRARY = "libc++";
				CLANG_ENABLE_MODULES = YES;
				CLANG_ENABLE_OBJC_ARC = YES;
				CLANG_WARN_BOOL_CONVERSION = YES;
				CLANG_WARN_CONSTANT_CONVERSION = YES;
				CLANG_WARN_DIRECT_OBJC_ISA_USAGE = YES_ERROR;
				CLANG_WARN_EMPTY_BODY = YES;
				CLANG_WARN_ENUM_CONVERSION = YES;
				CLANG_WARN_INT_CONVERSION = YES;
				CLANG_WARN_OBJC_ROOT_CLASS = YES_ERROR;
				CLANG_WARN_UNREACHABLE_CODE = YES;
				CLANG_WARN__DUPLICATE_METHOD_MATCH = YES;
				"CODE_SIGN_IDENTITY[sdk=iphoneos*]" = "iPhone Developer";
				COPY_PHASE_STRIP = NO;
				ENABLE_STRICT_OBJC_MSGSEND = YES;
				GCC_C_LANGUAGE_STANDARD = gnu99;
				GCC_DYNAMIC_NO_PIC = NO;
				GCC_OPTIMIZATION_LEVEL = 0;
				GCC_PREPROCESSOR_DEFINITIONS = (
					"DEBUG=1",
					"$(inherited)",
				);
				GCC_SYMBOLS_PRIVATE_EXTERN = NO;
				GCC_WARN_64_TO_32_BIT_CONVERSION = YES;
				GCC_WARN_ABOUT_RETURN_TYPE = YES_ERROR;
				GCC_WARN_UNDECLARED_SELECTOR = YES;
				GCC_WARN_UNINITIALIZED_AUTOS = YES_AGGRESSIVE;
				GCC_WARN_UNUSED_FUNCTION = YES;
				GCC_WARN_UNUSED_VARIABLE = YES;
				IPHONEOS_DEPLOYMENT_TARGET = 8.1;
				MTL_ENABLE_DEBUG_INFO = YES;
				ONLY_ACTIVE_ARCH = YES;
				SDKROOT = iphoneos;
				TARGETED_DEVICE_FAMILY = "1,2";
			};
			name = Debug;
		};
		8429B8791A1A7157007FDF29 /* Release */ = {
			isa = XCBuildConfiguration;
			buildSettings = {
				ALWAYS_SEARCH_USER_PATHS = NO;
				CLANG_CXX_LANGUAGE_STANDARD = "gnu++0x";
				CLANG_CXX_LIBRARY = "libc++";
				CLANG_ENABLE_MODULES = YES;
				CLANG_ENABLE_OBJC_ARC = YES;
				CLANG_WARN_BOOL_CONVERSION = YES;
				CLANG_WARN_CONSTANT_CONVERSION = YES;
				CLANG_WARN_DIRECT_OBJC_ISA_USAGE = YES_ERROR;
				CLANG_WARN_EMPTY_BODY = YES;
				CLANG_WARN_ENUM_CONVERSION = YES;
				CLANG_WARN_INT_CONVERSION = YES;
				CLANG_WARN_OBJC_ROOT_CLASS = YES_ERROR;
				CLANG_WARN_UNREACHABLE_CODE = YES;
				CLANG_WARN__DUPLICATE_METHOD_MATCH = YES;
				"CODE_SIGN_IDENTITY[sdk=iphoneos*]" = "iPhone Developer";
				COPY_PHASE_STRIP = YES;
				ENABLE_NS_ASSERTIONS = NO;
				ENABLE_STRICT_OBJC_MSGSEND = YES;
				GCC_C_LANGUAGE_STANDARD = gnu99;
				GCC_WARN_64_TO_32_BIT_CONVERSION = YES;
				GCC_WARN_ABOUT_RETURN_TYPE = YES_ERROR;
				GCC_WARN_UNDECLARED_SELECTOR = YES;
				GCC_WARN_UNINITIALIZED_AUTOS = YES_AGGRESSIVE;
				GCC_WARN_UNUSED_FUNCTION = YES;
				GCC_WARN_UNUSED_VARIABLE = YES;
				IPHONEOS_DEPLOYMENT_TARGET = 8.1;
				MTL_ENABLE_DEBUG_INFO = NO;
				SDKROOT = iphoneos;
				TARGETED_DEVICE_FAMILY = "1,2";
				VALIDATE_PRODUCT = YES;
			};
			name = Release;
		};
		8429B87B1A1A7157007FDF29 /* Debug */ = {
			isa = XCBuildConfiguration;
			buildSettings = {
				ASSETCATALOG_COMPILER_APPICON_NAME = AppIcon;
				INFOPLIST_FILE = situm/Info.plist;
				LD_RUNPATH_SEARCH_PATHS = "$(inherited) @executable_path/Frameworks";
				PRODUCT_NAME = "$(TARGET_NAME)";
			};
			name = Debug;
		};
		8429B87C1A1A7157007FDF29 /* Release */ = {
			isa = XCBuildConfiguration;
			buildSettings = {
				ASSETCATALOG_COMPILER_APPICON_NAME = AppIcon;
				INFOPLIST_FILE = situm/Info.plist;
				LD_RUNPATH_SEARCH_PATHS = "$(inherited) @executable_path/Frameworks";
				PRODUCT_NAME = "$(TARGET_NAME)";
			};
			name = Release;
		};
		8429B87E1A1A7157007FDF29 /* Debug */ = {
			isa = XCBuildConfiguration;
			buildSettings = {
				BUNDLE_LOADER = "$(TEST_HOST)";
				FRAMEWORK_SEARCH_PATHS = (
					"$(SDKROOT)/Developer/Library/Frameworks",
					"$(inherited)",
				);
				GCC_PREPROCESSOR_DEFINITIONS = (
					"DEBUG=1",
					"$(inherited)",
				);
				INFOPLIST_FILE = situmTests/Info.plist;
				LD_RUNPATH_SEARCH_PATHS = "$(inherited) @executable_path/Frameworks @loader_path/Frameworks";
				PRODUCT_NAME = "$(TARGET_NAME)";
				TEST_HOST = "$(BUILT_PRODUCTS_DIR)/situm.app/situm";
			};
			name = Debug;
		};
		8429B87F1A1A7157007FDF29 /* Release */ = {
			isa = XCBuildConfiguration;
			buildSettings = {
				BUNDLE_LOADER = "$(TEST_HOST)";
				FRAMEWORK_SEARCH_PATHS = (
					"$(SDKROOT)/Developer/Library/Frameworks",
					"$(inherited)",
				);
				INFOPLIST_FILE = situmTests/Info.plist;
				LD_RUNPATH_SEARCH_PATHS = "$(inherited) @executable_path/Frameworks @loader_path/Frameworks";
				PRODUCT_NAME = "$(TARGET_NAME)";
				TEST_HOST = "$(BUILT_PRODUCTS_DIR)/situm.app/situm";
			};
			name = Release;
		};
/* End XCBuildConfiguration section */

/* Begin XCConfigurationList section */
		8429B84F1A1A7157007FDF29 /* Build configuration list for PBXProject "situm" */ = {
			isa = XCConfigurationList;
			buildConfigurations = (
				8429B8781A1A7157007FDF29 /* Debug */,
				8429B8791A1A7157007FDF29 /* Release */,
			);
			defaultConfigurationIsVisible = 0;
			defaultConfigurationName = Release;
		};
		8429B87A1A1A7157007FDF29 /* Build configuration list for PBXNativeTarget "situm" */ = {
			isa = XCConfigurationList;
			buildConfigurations = (
				8429B87B1A1A7157007FDF29 /* Debug */,
				8429B87C1A1A7157007FDF29 /* Release */,
			);
			defaultConfigurationIsVisible = 0;
		};
		8429B87D1A1A7157007FDF29 /* Build configuration list for PBXNativeTarget "situmTests" */ = {
			isa = XCConfigurationList;
			buildConfigurations = (
				8429B87E1A1A7157007FDF29 /* Debug */,
				8429B87F1A1A7157007FDF29 /* Release */,
			);
			defaultConfigurationIsVisible = 0;
		};
/* End XCConfigurationList section */
	};
	rootObject = 8429B84C1A1A7157007FDF29 /* Project object */;
}
